
Microsoft Visual Studio Solution File, Format Version 12.00
# Visual Studio Version 17
VisualStudioVersion = 17.0.31903.59
MinimumVisualStudioVersion = 10.0.40219.1
Project("{2150E333-8FDC-42A3-9474-1A3956D46DE8}") = "src", "src", "{827E0CD3-B72D-47B6-A68D-7590B98EB39B}"
EndProject
Project("{FAE04EC0-301F-11D3-BF4B-00C04F79EFBC}") = "Sigei.Domain", "src\Sigei.Domain\Sigei.Domain.csproj", "{49666649-3E3B-4CA4-9734-284C272FB44D}"
EndProject
Project("{FAE04EC0-301F-11D3-BF4B-00C04F79EFBC}") = "Sigei.Web", "src\Sigei.Web\Sigei.Web.csproj", "{0BF15C1E-76CF-4A0E-9913-E214ACE0F72E}"
EndProject
Project("{FAE04EC0-301F-11D3-BF4B-00C04F79EFBC}") = "Sigei.Tests", "tests\Sigei.Tests\Sigei.Tests.csproj", "{E83C1D8E-324A-473C-B3E0-3DADF0B0180B}"
EndProject
Global
	GlobalSection(SolutionConfigurationPlatforms) = preSolution
		Debug|Any CPU = Debug|Any CPU
		Debug|x64 = Debug|x64
		Debug|x86 = Debug|x86
		Release|Any CPU = Release|Any CPU
		Release|x64 = Release|x64
		Release|x86 = Release|x86
	EndGlobalSection
	GlobalSection(ProjectConfigurationPlatforms) = postSolution
		{49666649-3E3B-4CA4-9734-284C272FB44D}.Debug|Any CPU.ActiveCfg = Debug|Any CPU
		{49666649-3E3B-4CA4-9734-284C272FB44D}.Debug|Any CPU.Build.0 = Debug|Any CPU
		{49666649-3E3B-4CA4-9734-284C272FB44D}.Debug|x64.ActiveCfg = Debug|Any CPU
		{49666649-3E3B-4CA4-9734-284C272FB44D}.Debug|x64.Build.0 = Debug|Any CPU
		{49666649-3E3B-4CA4-9734-284C272FB44D}.Debug|x86.ActiveCfg = Debug|Any CPU
		{49666649-3E3B-4CA4-9734-284C272FB44D}.Debug|x86.Build.0 = Debug|Any CPU
		{49666649-3E3B-4CA4-9734-284C272FB44D}.Release|Any CPU.ActiveCfg = Release|Any CPU
		{49666649-3E3B-4CA4-9734-284C272FB44D}.Release|Any CPU.Build.0 = Release|Any CPU
		{49666649-3E3B-4CA4-9734-284C272FB44D}.Release|x64.ActiveCfg = Release|Any CPU
		{49666649-3E3B-4CA4-9734-284C272FB44D}.Release|x64.Build.0 = Release|Any CPU
		{49666649-3E3B-4CA4-9734-284C272FB44D}.Release|x86.ActiveCfg = Release|Any CPU
		{49666649-3E3B-4CA4-9734-284C272FB44D}.Release|x86.Build.0 = Release|Any CPU
		{0BF15C1E-76CF-4A0E-9913-E214ACE0F72E}.Debug|Any CPU.ActiveCfg = Debug|Any CPU
		{0BF15C1E-76CF-4A0E-9913-E214ACE0F72E}.Debug|Any CPU.Build.0 = Debug|Any CPU
		{0BF15C1E-76CF-4A0E-9913-E214ACE0F72E}.Debug|x64.ActiveCfg = Debug|Any CPU
		{0BF15C1E-76CF-4A0E-9913-E214ACE0F72E}.Debug|x64.Build.0 = Debug|Any CPU
		{0BF15C1E-76CF-4A0E-9913-E214ACE0F72E}.Debug|x86.ActiveCfg = Debug|Any CPU
		{0BF15C1E-76CF-4A0E-9913-E214ACE0F72E}.Debug|x86.Build.0 = Debug|Any CPU
		{0BF15C1E-76CF-4A0E-9913-E214ACE0F72E}.Release|Any CPU.ActiveCfg = Release|Any CPU
		{0BF15C1E-76CF-4A0E-9913-E214ACE0F72E}.Release|Any CPU.Build.0 = Release|Any CPU
		{0BF15C1E-76CF-4A0E-9913-E214ACE0F72E}.Release|x64.ActiveCfg = Release|Any CPU
		{0BF15C1E-76CF-4A0E-9913-E214ACE0F72E}.Release|x64.Build.0 = Release|Any CPU
		{0BF15C1E-76CF-4A0E-9913-E214ACE0F72E}.Release|x86.ActiveCfg = Release|Any CPU
		{0BF15C1E-76CF-4A0E-9913-E214ACE0F72E}.Release|x86.Build.0 = Release|Any CPU
		{E83C1D8E-324A-473C-B3E0-3DADF0B0180B}.Debug|Any CPU.ActiveCfg = Debug|Any CPU
		{E83C1D8E-324A-473C-B3E0-3DADF0B0180B}.Debug|Any CPU.Build.0 = Debug|Any CPU
		{E83C1D8E-324A-473C-B3E0-3DADF0B0180B}.Debug|x64.ActiveCfg = Debug|Any CPU
		{E83C1D8E-324A-473C-B3E0-3DADF0B0180B}.Debug|x64.Build.0 = Debug|Any CPU
		{E83C1D8E-324A-473C-B3E0-3DADF0B0180B}.Debug|x86.ActiveCfg = Debug|Any CPU
		{E83C1D8E-324A-473C-B3E0-3DADF0B0180B}.Debug|x86.Build.0 = Debug|Any CPU
		{E83C1D8E-324A-473C-B3E0-3DADF0B0180B}.Release|Any CPU.ActiveCfg = Release|Any CPU
		{E83C1D8E-324A-473C-B3E0-3DADF0B0180B}.Release|Any CPU.Build.0 = Release|Any CPU
		{E83C1D8E-324A-473C-B3E0-3DADF0B0180B}.Release|x64.ActiveCfg = Release|Any CPU
		{E83C1D8E-324A-473C-B3E0-3DADF0B0180B}.Release|x64.Build.0 = Release|Any CPU
		{E83C1D8E-324A-473C-B3E0-3DADF0B0180B}.Release|x86.ActiveCfg = Release|Any CPU
		{E83C1D8E-324A-473C-B3E0-3DADF0B0180B}.Release|x86.Build.0 = Release|Any CPU
	EndGlobalSection
	GlobalSection(SolutionProperties) = preSolution
		HideSolutionNode = FALSE
	EndGlobalSection
	GlobalSection(NestedProjects) = preSolution
		{49666649-3E3B-4CA4-9734-284C272FB44D} = {827E0CD3-B72D-47B6-A68D-7590B98EB39B}
		{0BF15C1E-76CF-4A0E-9913-E214ACE0F72E} = {827E0CD3-B72D-47B6-A68D-7590B98EB39B}
		{E83C1D8E-324A-473C-B3E0-3DADF0B0180B} = {827E0CD3-B72D-47B6-A68D-7590B98EB39B}
	EndGlobalSection
EndGlobal
